lockfileVersion: '9.0'

settings:
  autoInstallPeers: true
  excludeLinksFromLockfile: false

importers:

  .:
    devDependencies:
      '@biomejs/biome':
        specifier: ^2.3.11
        version: 2.3.15
      '@ianvs/prettier-plugin-sort-imports':
        specifier: ^4.7.0
        version: 4.7.1(@prettier/plugin-oxc@0.1.3)(prettier@3.8.1)
      '@prettier/plugin-oxc':
        specifier: ^0.1.3
        version: 0.1.3
      oxfmt:
        specifier: ^0.32.0
        version: 0.32.0
      prettier:
        specifier: ^3.8.1
        version: 3.8.1
      prettier-plugin-packagejson:
        specifier: ^3.0.0
        version: 3.0.0(prettier@3.8.1)
      prettier-plugin-tailwindcss:
        specifier: ^0.7.2
        version: 0.7.2(@ianvs/prettier-plugin-sort-imports@4.7.1(@prettier/plugin-oxc@0.1.3)(prettier@3.8.1))(@prettier/plugin-oxc@0.1.3)(prettier@3.8.1)

packages:

  '@babel/code-frame@7.29.0':
    resolution: {integrity: sha512-9NhCeYjq9+3uxgdtp20LSiJXJvN0FeCtNGpJxuMFZ1Kv3cWUNb6DOhJwUvcVCzKGR66cw4njwM6hrJLqgOwbcw==}
    engines: {node: '>=6.9.0'}

  '@babel/generator@7.29.1':
    resolution: {integrity: sha512-qsaF+9Qcm2Qv8SRIMMscAvG4O3lJ0F1GuMo5HR/Bp02LopNgnZBC/EkbevHFeGs4ls/oPz9v+Bsmzbkbe+0dUw==}
    engines: {node: '>=6.9.0'}

  '@babel/helper-globals@7.28.0':
    resolution: {integrity: sha512-+W6cISkXFa1jXsDEdYA8HeevQT/FULhxzR99pxphltZcVaugps53THCeiWA8SguxxpSp3gKPiuYfSWopkLQ4hw==}
    engines: {node: '>=6.9.0'}

  '@babel/helper-string-parser@7.27.1':
    resolution: {integrity: sha512-qMlSxKbpRlAridDExk92nSobyDdpPijUq2DW6oDnUqd0iOGxmQjyqhMIihI9+zv4LPyZdRje2cavWPbCbWm3eA==}
    engines: {node: '>=6.9.0'}

  '@babel/helper-validator-identifier@7.28.5':
    resolution: {integrity: sha512-qSs4ifwzKJSV39ucNjsvc6WVHs6b7S03sOh2OcHF9UHfVPqWWALUsNUVzhSBiItjRZoLHx7nIarVjqKVusUZ1Q==}
    engines: {node: '>=6.9.0'}

  '@babel/parser@7.29.0':
    resolution: {integrity: sha512-IyDgFV5GeDUVX4YdF/3CPULtVGSXXMLh1xVIgdCgxApktqnQV0r7/8Nqthg+8YLGaAtdyIlo2qIdZrbCv4+7ww==}
    engines: {node: '>=6.0.0'}
    hasBin: true

  '@babel/template@7.28.6':
    resolution: {integrity: sha512-YA6Ma2KsCdGb+WC6UpBVFJGXL58MDA6oyONbjyF/+5sBgxY/dwkhLogbMT2GXXyU84/IhRw/2D1Os1B/giz+BQ==}
    engines: {node: '>=6.9.0'}

  '@babel/traverse@7.29.0':
    resolution: {integrity: sha512-4HPiQr0X7+waHfyXPZpWPfWL/J7dcN1mx9gL6WdQVMbPnF3+ZhSMs8tCxN7oHddJE9fhNE7+lxdnlyemKfJRuA==}
    engines: {node: '>=6.9.0'}

  '@babel/types@7.29.0':
    resolution: {integrity: sha512-LwdZHpScM4Qz8Xw2iKSzS+cfglZzJGvofQICy7W7v4caru4EaAmyUuO6BGrbyQ2mYV11W0U8j5mBhd14dd3B0A==}
    engines: {node: '>=6.9.0'}

  '@biomejs/biome@2.3.15':
    resolution: {integrity: sha512-u+jlPBAU2B45LDkjjNNYpc1PvqrM/co4loNommS9/sl9oSxsAQKsNZejYuUztvToB5oXi1tN/e62iNd6ESiY3g==}
    engines: {node: '>=14.21.3'}
    hasBin: true

  '@biomejs/cli-darwin-arm64@2.3.15':
    resolution: {integrity: sha512-SDCdrJ4COim1r8SNHg19oqT50JfkI/xGZHSyC6mGzMfKrpNe/217Eq6y98XhNTc0vGWDjznSDNXdUc6Kg24jbw==}
    engines: {node: '>=14.21.3'}
    cpu: [arm64]
    os: [darwin]

  '@biomejs/cli-darwin-x64@2.3.15':
    resolution: {integrity: sha512-RkyeSosBtn3C3Un8zQnl9upX0Qbq4E3QmBa0qjpOh1MebRbHhNlRC16jk8HdTe/9ym5zlfnpbb8cKXzW+vlTxw==}
    engines: {node: '>=14.21.3'}
    cpu: [x64]
    os: [darwin]

  '@biomejs/cli-linux-arm64-musl@2.3.15':
    resolution: {integrity: sha512-SSSIj2yMkFdSkXqASzIBdjySBXOe65RJlhKEDlri7MN19RC4cpez+C0kEwPrhXOTgJbwQR9QH1F4+VnHkC35pg==}
    engines: {node: '>=14.21.3'}
    cpu: [arm64]
    os: [linux]
    libc: [musl]

  '@biomejs/cli-linux-arm64@2.3.15':
    resolution: {integrity: sha512-FN83KxrdVWANOn5tDmW6UBC0grojchbGmcEz6JkRs2YY6DY63sTZhwkQ56x6YtKhDVV1Unz7FJexy8o7KwuIhg==}
    engines: {node: '>=14.21.3'}
    cpu: [arm64]
    os: [linux]
    libc: [glibc]

  '@biomejs/cli-linux-x64-musl@2.3.15':
    resolution: {integrity: sha512-dbjPzTh+ijmmNwojFYbQNMFp332019ZDioBYAMMJj5Ux9d8MkM+u+J68SBJGVwVeSHMYj+T9504CoxEzQxrdNw==}
    engines: {node: '>=14.21.3'}
    cpu: [x64]
    os: [linux]
    libc: [musl]

  '@biomejs/cli-linux-x64@2.3.15':
    resolution: {integrity: sha512-T8n9p8aiIKOrAD7SwC7opiBM1LYGrE5G3OQRXWgbeo/merBk8m+uxJ1nOXMPzfYyFLfPlKF92QS06KN1UW+Zbg==}
    engines: {node: '>=14.21.3'}
    cpu: [x64]
    os: [linux]
    libc: [glibc]

  '@biomejs/cli-win32-arm64@2.3.15':
    resolution: {integrity: sha512-puMuenu/2brQdgqtQ7geNwQlNVxiABKEZJhMRX6AGWcmrMO8EObMXniFQywy2b81qmC+q+SDvlOpspNwz0WiOA==}
    engines: {node: '>=14.21.3'}
    cpu: [arm64]
    os: [win32]

  '@biomejs/cli-win32-x64@2.3.15':
    resolution: {integrity: sha512-kDZr/hgg+igo5Emi0LcjlgfkoGZtgIpJKhnvKTRmMBv6FF/3SDyEV4khBwqNebZIyMZTzvpca9sQNSXJ39pI2A==}
    engines: {node: '>=14.21.3'}
    cpu: [x64]
    os: [win32]

  '@emnapi/core@1.7.1':
    resolution: {integrity: sha512-o1uhUASyo921r2XtHYOHy7gdkGLge8ghBEQHMWmyJFoXlpU58kIrhhN3w26lpQb6dspetweapMn2CSNwQ8I4wg==}

  '@emnapi/runtime@1.7.1':
    resolution: {integrity: sha512-PVtJr5CmLwYAU9PZDMITZoR5iAOShYREoR45EyyLrbntV50mdePTgUn4AmOw90Ifcj+x2kRjdzr1HP3RrNiHGA==}

  '@emnapi/wasi-threads@1.1.0':
    resolution: {integrity: sha512-WI0DdZ8xFSbgMjR1sFsKABJ/C5OnRrjT06JXbZKexJGrDuPTzZdDYfFlsgcCXCyf+suG5QU2e/y1Wo2V/OapLQ==}

  '@ianvs/prettier-plugin-sort-imports@4.7.1':
    resolution: {integrity: sha512-jmTNYGlg95tlsoG3JLCcuC4BrFELJtLirLAkQW/71lXSyOhVt/Xj7xWbbGcuVbNq1gwWgSyMrPjJc9Z30hynVw==}
    peerDependencies:
      '@prettier/plugin-oxc': ^0.0.4 || ^0.1.0
      '@vue/compiler-sfc': 2.7.x || 3.x
      content-tag: ^4.0.0
      prettier: 2 || 3 || ^4.0.0-0
      prettier-plugin-ember-template-tag: ^2.1.0
    peerDependenciesMeta:
      '@prettier/plugin-oxc':
        optional: true
      '@vue/compiler-sfc':
        optional: true
      content-tag:
        optional: true
      prettier-plugin-ember-template-tag:
        optional: true

  '@jridgewell/gen-mapping@0.3.13':
    resolution: {integrity: sha512-2kkt/7niJ6MgEPxF0bYdQ6etZaA+fQvDcLKckhy1yIQOzaoKjBBjSj63/aLVjYE3qhRt5dvM+uUyfCg6UKCBbA==}

  '@jridgewell/resolve-uri@3.1.2':
    resolution: {integrity: sha512-bRISgCIjP20/tbWSPWMEi54QVPRZExkuD9lJL+UIxUKtwVJA8wW1Trb1jMs1RFXo1CBTNZ/5hpC9QvmKWdopKw==}
    engines: {node: '>=6.0.0'}

  '@jridgewell/sourcemap-codec@1.5.5':
    resolution: {integrity: sha512-cYQ9310grqxueWbl+WuIUIaiUaDcj7WOq5fVhEljNVgRfOUhY9fy2zTvfoqWsnebh8Sl70VScFbICvJnLKB0Og==}

  '@jridgewell/trace-mapping@0.3.31':
    resolution: {integrity: sha512-zzNR+SdQSDJzc8joaeP8QQoCQr8NuYx2dIIytl1QeBEZHJ9uW6hebsrYgbz8hJwUQao3TWCMtmfV8Nu1twOLAw==}

  '@napi-rs/wasm-runtime@1.1.0':
    resolution: {integrity: sha512-Fq6DJW+Bb5jaWE69/qOE0D1TUN9+6uWhCeZpdnSBk14pjLcCWR7Q8n49PTSPHazM37JqrsdpEthXy2xn6jWWiA==}

  '@oxc-parser/binding-android-arm64@0.99.0':
    resolution: {integrity: sha512-V4jhmKXgQQdRnm73F+r3ZY4pUEsijQeSraFeaCGng7abSNJGs76X6l82wHnmjLGFAeY00LWtjcELs7ZmbJ9+lA==}
    engines: {node: ^20.19.0 || >=22.12.0}
    cpu: [arm64]
    os: [android]

  '@oxc-parser/binding-darwin-arm64@0.99.0':
    resolution: {integrity: sha512-Rp41nf9zD5FyLZciS9l1GfK8PhYqrD5kEGxyTOA2esTLeAy37rZxetG2E3xteEolAkeb2WDkVrlxPtibeAncMg==}
    engines: {node: ^20.19.0 || >=22.12.0}
    cpu: [arm64]
    os: [darwin]

  '@oxc-parser/binding-darwin-x64@0.99.0':
    resolution: {integrity: sha512-WVonp40fPPxo5Gs0POTI57iEFv485TvNKOHMwZRhigwZRhZY2accEAkYIhei9eswF4HN5B44Wybkz7Gd1Qr/5Q==}
    engines: {node: ^20.19.0 || >=22.12.0}
    cpu: [x64]
    os: [darwin]

  '@oxc-parser/binding-freebsd-x64@0.99.0':
    resolution: {integrity: sha512-H30bjOOttPmG54gAqu6+HzbLEzuNOYO2jZYrIq4At+NtLJwvNhXz28Hf5iEAFZIH/4hMpLkM4VN7uc+5UlNW3Q==}
    engines: {node: ^20.19.0 || >=22.12.0}
    cpu: [x64]
    os: [freebsd]

  '@oxc-parser/binding-linux-arm-gnueabihf@0.99.0':
    resolution: {integrity: sha512-0Z/Th0SYqzSRDPs6tk5lQdW0i73UCupnim3dgq2oW0//UdLonV/5wIZCArfKGC7w9y4h8TxgXpgtIyD1kKzzlQ==}
    engines: {node: ^20.19.0 || >=22.12.0}
    cpu: [arm]
    os: [linux]

  '@oxc-parser/binding-linux-arm-musleabihf@0.99.0':
    resolution: {integrity: sha512-xo0wqNd5bpbzQVNpAIFbHk1xa+SaS/FGBABCd942SRTnrpxl6GeDj/s1BFaGcTl8MlwlKVMwOcyKrw/2Kdfquw==}
    engines: {node: ^20.19.0 || >=22.12.0}
    cpu: [arm]
    os: [linux]

  '@oxc-parser/binding-linux-arm64-gnu@0.99.0':
    resolution: {integrity: sha512-u26I6LKoLTPTd4Fcpr0aoAtjnGf5/ulMllo+QUiBhupgbVCAlaj4RyXH/mvcjcsl2bVBv9E/gYJZz2JjxQWXBA==}
    engines: {node: ^20.19.0 || >=22.12.0}
    cpu: [arm64]
    os: [linux]
    libc: [glibc]

  '@oxc-parser/binding-linux-arm64-musl@0.99.0':
    resolution: {integrity: sha512-qhftDo2D37SqCEl3ZTa367NqWSZNb1Ddp34CTmShLKFrnKdNiUn55RdokLnHtf1AL5ssaQlYDwBECX7XiBWOhw==}
    engines: {node: ^20.19.0 || >=22.12.0}
    cpu: [arm64]
    os: [linux]
    libc: [musl]

  '@oxc-parser/binding-linux-riscv64-gnu@0.99.0':
    resolution: {integrity: sha512-zxn/xkf519f12FKkpL5XwJipsylfSSnm36h6c1zBDTz4fbIDMGyIhHfWfwM7uUmHo9Aqw1pLxFpY39Etv398+Q==}
    engines: {node: ^20.19.0 || >=22.12.0}
    cpu: [riscv64]
    os: [linux]
    libc: [glibc]

  '@oxc-parser/binding-linux-s390x-gnu@0.99.0':
    resolution: {integrity: sha512-Y1eSDKDS5E4IVC7Oxw+NbYAKRmJPMJTIjW+9xOWwteDHkFqpocKe0USxog+Q1uhzalD9M0p9eXWEWdGQCMDBMQ==}
    engines: {node: ^20.19.0 || >=22.12.0}
    cpu: [s390x]
    os: [linux]
    libc: [glibc]

  '@oxc-parser/binding-linux-x64-gnu@0.99.0':
    resolution: {integrity: sha512-YVJMfk5cFWB8i2/nIrbk6n15bFkMHqWnMIWkVx7r2KwpTxHyFMfu2IpeVKo1ITDSmt5nBrGdLHD36QRlu2nDLg==}
    engines: {node: ^20.19.0 || >=22.12.0}
    cpu: [x64]
    os: [linux]
    libc: [glibc]

  '@oxc-parser/binding-linux-x64-musl@0.99.0':
    resolution: {integrity: sha512-2+SDPrie5f90A1b9EirtVggOgsqtsYU5raZwkDYKyS1uvJzjqHCDhG/f4TwQxHmIc5YkczdQfwvN91lwmjsKYQ==}
    engines: {node: ^20.19.0 || >=22.12.0}
    cpu: [x64]
    os: [linux]
    libc: [musl]

  '@oxc-parser/binding-wasm32-wasi@0.99.0':
    resolution: {integrity: sha512-DKA4j0QerUWSMADziLM5sAyM7V53Fj95CV9SjP77bPfEfT7MnvFKnneaRMqPK1cpzjAGiQF52OBUIKyk0dwOQA==}
    engines: {node: '>=14.0.0'}
    cpu: [wasm32]

  '@oxc-parser/binding-win32-arm64-msvc@0.99.0':
    resolution: {integrity: sha512-EaB3AvsxqdNUhh9FOoAxRZ2L4PCRwDlDb//QXItwyOJrX7XS+uGK9B1KEUV4FZ/7rDhHsWieLt5e07wl2Ti5AQ==}
    engines: {node: ^20.19.0 || >=22.12.0}
    cpu: [arm64]
    os: [win32]

  '@oxc-parser/binding-win32-x64-msvc@0.99.0':
    resolution: {integrity: sha512-sJN1Q8h7ggFOyDn0zsHaXbP/MklAVUvhrbq0LA46Qum686P3SZQHjbATqJn9yaVEvaSKXCshgl0vQ1gWkGgpcQ==}
    engines: {node: ^20.19.0 || >=22.12.0}
    cpu: [x64]
    os: [win32]

  '@oxc-project/types@0.99.0':
    resolution: {integrity: sha512-LLDEhXB7g1m5J+woRSgfKsFPS3LhR9xRhTeIoEBm5WrkwMxn6eZ0Ld0c0K5eHB57ChZX6I3uSmmLjZ8pcjlRcw==}

  '@oxfmt/binding-android-arm-eabi@0.32.0':
    resolution: {integrity: sha512-DpVyuVzgLH6/MvuB/YD3vXO9CN/o9EdRpA0zXwe/tagP6yfVSFkFWkPqTROdqp0mlzLH5Yl+/m+hOrcM601EbA==}
    engines: {node: ^20.19.0 || >=22.12.0}
    cpu: [arm]
    os: [android]

  '@oxfmt/binding-android-arm64@0.32.0':
    resolution: {integrity: sha512-w1cmNXf9zs0vKLuNgyUF3hZ9VUAS1hBmQGndYJv1OmcVqStBtRTRNxSWkWM0TMkrA9UbvIvM9gfN+ib4Wy6lkQ==}
    engines: {node: ^20.19.0 || >=22.12.0}
    cpu: [arm64]
    os: [android]

  '@oxfmt/binding-darwin-arm64@0.32.0':
    resolution: {integrity: sha512-m6wQojz/hn94XdZugFPtdFbOvXbOSYEqPsR2gyLyID3BvcrC2QsJyT1o3gb4BZEGtZrG1NiKVGwDRLM0dHd2mg==}
    engines: {node: ^20.19.0 || >=22.12.0}
    cpu: [arm64]
    os: [darwin]

  '@oxfmt/binding-darwin-x64@0.32.0':
    resolution: {integrity: sha512-hN966Uh6r3Erkg2MvRcrJWaB6QpBzP15rxWK/QtkUyD47eItJLsAQ2Hrm88zMIpFZ3COXZLuN3hqgSlUtvB0Xw==}
    engines: {node: ^20.19.0 || >=22.12.0}
    cpu: [x64]
    os: [darwin]

  '@oxfmt/binding-freebsd-x64@0.32.0':
    resolution: {integrity: sha512-g5UZPGt8tJj263OfSiDGdS54HPa0KgFfspLVAUivVSdoOgsk6DkwVS9nO16xQTDztzBPGxTvrby8WuufF0g86Q==}
    engines: {node: ^20.19.0 || >=22.12.0}
    cpu: [x64]
    os: [freebsd]

  '@oxfmt/binding-linux-arm-gnueabihf@0.32.0':
    resolution: {integrity: sha512-F4ZY83/PVQo9ZJhtzoMqbmjqEyTVEZjbaw4x1RhzdfUhddB41ZB2Vrt4eZi7b4a4TP85gjPRHgQBeO0c1jbtaw==}
    engines: {node: ^20.19.0 || >=22.12.0}
    cpu: [arm]
    os: [linux]

  '@oxfmt/binding-linux-arm-musleabihf@0.32.0':
    resolution: {integrity: sha512-olR37eG16Lzdj9OBSvuoT5RxzgM5xfQEHm1OEjB3M7Wm4KWa5TDWIT13Aiy74GvAN77Hq1+kUKcGVJ/0ynf75g==}
    engines: {node: ^20.19.0 || >=22.12.0}
    cpu: [arm]
    os: [linux]

  '@oxfmt/binding-linux-arm64-gnu@0.32.0':
    resolution: {integrity: sha512-eZhk6AIjRCDeLoXYBhMW7qq/R1YyVi+tGnGfc3kp7AZQrMsFaWtP/bgdCJCTNXMpbMwymtVz0qhSQvR5w2sKcg==}
    engines: {node: ^20.19.0 || >=22.12.0}
    cpu: [arm64]
    os: [linux]
    libc: [glibc]

  '@oxfmt/binding-linux-arm64-musl@0.32.0':
    resolution: {integrity: sha512-UYiqO9MlipntFbdbUKOIo84vuyzrK4TVIs7Etat91WNMFSW54F6OnHq08xa5ZM+K9+cyYMgQPXvYCopuP+LyKw==}
    engines: {node: ^20.19.0 || >=22.12.0}
    cpu: [arm64]
    os: [linux]
    libc: [musl]

  '@oxfmt/binding-linux-ppc64-gnu@0.32.0':
    resolution: {integrity: sha512-IDH/fxMv+HmKsMtsjEbXqhScCKDIYp38sgGEcn0QKeXMxrda67PPZA7HMfoUwEtFUG+jsO1XJxTrQsL+kQ90xQ==}
    engines: {node: ^20.19.0 || >=22.12.0}
    cpu: [ppc64]
    os: [linux]
    libc: [glibc]

  '@oxfmt/binding-linux-riscv64-gnu@0.32.0':
    resolution: {integrity: sha512-bQFGPDa0buYWJFeK2I7ah8wRZjrAgamaG2OAGv+Ua5UMYEnHxmHcv+r8lWUUrwP2oqQGvp1SB8JIVtBbYuAueQ==}
    engines: {node: ^20.19.0 || >=22.12.0}
    cpu: [riscv64]
    os: [linux]
    libc: [glibc]

  '@oxfmt/binding-linux-riscv64-musl@0.32.0':
    resolution: {integrity: sha512-3vFp9DW1ItEKWltADzCFqG5N7rYFToT4ztlhg8wALoo2E2VhveLD88uAF4FF9AxD9NhgHDGmPCV+WZl/Qlj8cQ==}
    engines: {node: ^20.19.0 || >=22.12.0}
    cpu: [riscv64]
    os: [linux]
    libc: [musl]

  '@oxfmt/binding-linux-s390x-gnu@0.32.0':
    resolution: {integrity: sha512-Fub2y8S9ImuPzAzpbgkoz/EVTWFFBolxFZYCMRhRZc8cJZI2gl/NlZswqhvJd/U0Jopnwgm/OJ2x128vVzFFWA==}
    engines: {node: ^20.19.0 || >=22.12.0}
    cpu: [s390x]
    os: [linux]
    libc: [glibc]

  '@oxfmt/binding-linux-x64-gnu@0.32.0':
    resolution: {integrity: sha512-XufwsnV3BF81zO2ofZvhT4FFaMmLTzZEZnC9HpFz/quPeg9C948+kbLlZnsfjmp+1dUxKMCpfmRMqOfF4AOLsA==}
    engines: {node: ^20.19.0 || >=22.12.0}
    cpu: [x64]
    os: [linux]
    libc: [glibc]

  '@oxfmt/binding-linux-x64-musl@0.32.0':
    resolution: {integrity: sha512-u2f9tC2qYfikKmA2uGpnEJgManwmk0ZXWs5BB4ga4KDu2JNLdA3i634DGHeMLK9wY9+iRf3t7IYpgN3OVFrvDw==}
    engines: {node: ^20.19.0 || >=22.12.0}
    cpu: [x64]
    os: [linux]
    libc: [musl]

  '@oxfmt/binding-openharmony-arm64@0.32.0':
    resolution: {integrity: sha512-5ZXb1wrdbZ1YFXuNXNUCePLlmLDy4sUt4evvzD4Cgumbup5wJgS9PIe5BOaLywUg9f1wTH6lwltj3oT7dFpIGA==}
    engines: {node: ^20.19.0 || >=22.12.0}
    cpu: [arm64]
    os: [openharmony]

  '@oxfmt/binding-win32-arm64-msvc@0.32.0':
    resolution: {integrity: sha512-IGSMm/Agq+IA0++aeAV/AGPfjcBdjrsajB5YpM3j7cMcwoYgUTi/k2YwAmsHH3ueZUE98pSM/Ise2J7HtyRjOA==}
    engines: {node: ^20.19.0 || >=22.12.0}
    cpu: [arm64]
    os: [win32]

  '@oxfmt/binding-win32-ia32-msvc@0.32.0':
    resolution: {integrity: sha512-H/9gsuqXmceWMsVoCPZhtJG2jLbnBeKr7xAXm2zuKpxLVF7/2n0eh7ocOLB6t+L1ARE76iORuUsRMnuGjj8FjQ==}
    engines: {node: ^20.19.0 || >=22.12.0}
    cpu: [ia32]
    os: [win32]

  '@oxfmt/binding-win32-x64-msvc@0.32.0':
    resolution: {integrity: sha512-fF8VIOeligq+mA6KfKvWtFRXbf0EFy73TdR6ZnNejdJRM8VWN1e3QFhYgIwD7O8jBrQsd7EJbUpkAr/YlUOokg==}
    engines: {node: ^20.19.0 || >=22.12.0}
    cpu: [x64]
    os: [win32]

  '@prettier/plugin-oxc@0.1.3':
    resolution: {integrity: sha512-aABz3zIRilpWMekbt1FL1JVBQrQLR8L4Td2SRctECrWSsXGTNn/G1BqNSKCdbvQS1LWstAXfqcXzDki7GAAJyg==}
    engines: {node: '>=14'}

  '@tybys/wasm-util@0.10.1':
    resolution: {integrity: sha512-9tTaPJLSiejZKx+Bmog4uSubteqTvFrVrURwkmHixBo0G4seD0zUxp98E1DzUBJxLQ3NPwXrGKDiVjwx/DpPsg==}

  debug@4.4.3:
    resolution: {integrity: sha512-RGwwWnwQvkVfavKVt22FGLw+xYSdzARwm0ru6DhTVA3umU5hZc28V3kO4stgYryrTlLpuvgI9GiijltAjNbcqA==}
    engines: {node: '>=6.0'}
    peerDependencies:
      supports-color: '*'
    peerDependenciesMeta:
      supports-color:
        optional: true

  detect-indent@7.0.2:
    resolution: {integrity: sha512-y+8xyqdGLL+6sh0tVeHcfP/QDd8gUgbasolJJpY7NgeQGSZ739bDtSiaiDgtoicy+mtYB81dKLxO9xRhCyIB3A==}
    engines: {node: '>=12.20'}

  detect-newline@4.0.1:
    resolution: {integrity: sha512-qE3Veg1YXzGHQhlA6jzebZN2qVf6NX+A7m7qlhCGG30dJixrAQhYOsJjsnBjJkCSmuOPpCk30145fr8FV0bzog==}
    engines: {node: ^12.20.0 || ^14.13.1 || >=16.0.0}

  fdir@6.5.0:
    resolution: {integrity: sha512-tIbYtZbucOs0BRGqPJkshJUYdL+SDH7dVM8gjy+ERp3WAUjLEFJE+02kanyHtwjWOnwrKYBiwAmM0p4kLJAnXg==}
    engines: {node: '>=12.0.0'}
    peerDependencies:
      picomatch: ^3 || ^4
    peerDependenciesMeta:
      picomatch:
        optional: true

  git-hooks-list@4.2.1:
    resolution: {integrity: sha512-WNvqJjOxxs/8ZP9+DWdwWJ7cDsd60NHf39XnD82pDVrKO5q7xfPqpkK6hwEAmBa/ZSEE4IOoR75EzbbIuwGlMw==}

  is-plain-obj@4.1.0:
    resolution: {integrity: sha512-+Pgi+vMuUNkJyExiMBt5IlFoMyKnr5zhJ4Uspz58WOhBF5QoIZkFyNHIbBAtHwzVAgk5RtndVNsDRN61/mmDqg==}
    engines: {node: '>=12'}

  js-tokens@4.0.0:
    resolution: {integrity: sha512-RdJUflcE3cUzKiMqQgsCu06FPu9UdIJO0beYbPhHN4k6apgJtifcoCtT9bcxOpYBtpD2kCM6Sbzg4CausW/PKQ==}

  jsesc@3.1.0:
    resolution: {integrity: sha512-/sM3dO2FOzXjKQhJuo0Q173wf2KOo8t4I8vHy6lF9poUp7bKT0/NHE8fPX23PwfhnykfqnC2xRxOnVw5XuGIaA==}
    engines: {node: '>=6'}
    hasBin: true

  ms@2.1.3:
    resolution: {integrity: sha512-6FlzubTLZG3J2a/NVCAleEhjzq5oxgHyaCU9yYXvcLsvoVaHJq/s5xXI6/XXP6tz7R9xAOtHnSO/tXtF3WRTlA==}

  oxc-parser@0.99.0:
    resolution: {integrity: sha512-MpS1lbd2vR0NZn1v0drpgu7RUFu3x9Rd0kxExObZc2+F+DIrV0BOMval/RO3BYGwssIOerII6iS8EbbpCCZQpQ==}
    engines: {node: ^20.19.0 || >=22.12.0}

  oxfmt@0.32.0:
    resolution: {integrity: sha512-KArQhGzt/Y8M1eSAX98Y8DLtGYYDQhkR55THUPY5VNcpFQ+9nRZkL3ULXhagHMD2hIvjy8JSeEQEP5/yYJSrLA==}
    engines: {node: ^20.19.0 || >=22.12.0}
    hasBin: true

  picocolors@1.1.1:
    resolution: {integrity: sha512-xceH2snhtb5M9liqDsmEw56le376mTZkEX/jEb/RxNFyegNul7eNslCXP9FDj/Lcu0X8KEyMceP2ntpaHrDEVA==}

  picomatch@4.0.3:
    resolution: {integrity: sha512-5gTmgEY/sqK6gFXLIsQNH19lWb4ebPDLA4SdLP7dsWkIXHWlG66oPuVvXSGFPppYZz8ZDZq0dYYrbHfBCVUb1Q==}
    engines: {node: '>=12'}

  prettier-plugin-packagejson@3.0.0:
    resolution: {integrity: sha512-z8/QmPSqx/ANvvQMWJSkSq1+ihBXeuwDEYdjX3ZjRJ5Ty1k7vGbFQfhzk2eDe0rwS/TNyRjWK/qnjJEStAOtDw==}
    peerDependencies:
      prettier: ^3
    peerDependenciesMeta:
      prettier:
        optional: true

  prettier-plugin-tailwindcss@0.7.2:
    resolution: {integrity: sha512-LkphyK3Fw+q2HdMOoiEHWf93fNtYJwfamoKPl7UwtjFQdei/iIBoX11G6j706FzN3ymX9mPVi97qIY8328vdnA==}
    engines: {node: '>=20.19'}
    peerDependencies:
      '@ianvs/prettier-plugin-sort-imports': '*'
      '@prettier/plugin-hermes': '*'
      '@prettier/plugin-oxc': '*'
      '@prettier/plugin-pug': '*'
      '@shopify/prettier-plugin-liquid': '*'
      '@trivago/prettier-plugin-sort-imports': '*'
      '@zackad/prettier-plugin-twig': '*'
      prettier: ^3.0
      prettier-plugin-astro: '*'
      prettier-plugin-css-order: '*'
      prettier-plugin-jsdoc: '*'
      prettier-plugin-marko: '*'
      prettier-plugin-multiline-arrays: '*'
      prettier-plugin-organize-attributes: '*'
      prettier-plugin-organize-imports: '*'
      prettier-plugin-sort-imports: '*'
      prettier-plugin-svelte: '*'
    peerDependenciesMeta:
      '@ianvs/prettier-plugin-sort-imports':
        optional: true
      '@prettier/plugin-hermes':
        optional: true
      '@prettier/plugin-oxc':
        optional: true
      '@prettier/plugin-pug':
        optional: true
      '@shopify/prettier-plugin-liquid':
        optional: true
      '@trivago/prettier-plugin-sort-imports':
        optional: true
      '@zackad/prettier-plugin-twig':
        optional: true
      prettier-plugin-astro:
        optional: true
      prettier-plugin-css-order:
        optional: true
      prettier-plugin-jsdoc:
        optional: true
      prettier-plugin-marko:
        optional: true
      prettier-plugin-multiline-arrays:
        optional: true
      prettier-plugin-organize-attributes:
        optional: true
      prettier-plugin-organize-imports:
        optional: true
      prettier-plugin-sort-imports:
        optional: true
      prettier-plugin-svelte:
        optional: true

  prettier@3.8.1:
    resolution: {integrity: sha512-UOnG6LftzbdaHZcKoPFtOcCKztrQ57WkHDeRD9t/PTQtmT0NHSeWWepj6pS0z/N7+08BHFDQVUrfmfMRcZwbMg==}
    engines: {node: '>=14'}
    hasBin: true

  semver@7.7.4:
    resolution: {integrity: sha512-vFKC2IEtQnVhpT78h1Yp8wzwrf8CM+MzKMHGJZfBtzhZNycRFnXsHk6E5TxIkkMsgNS7mdX3AGB7x2QM2di4lA==}
    engines: {node: '>=10'}
    hasBin: true

  sort-object-keys@2.1.0:
    resolution: {integrity: sha512-SOiEnthkJKPv2L6ec6HMwhUcN0/lppkeYuN1x63PbyPRrgSPIuBJCiYxYyvWRTtjMlOi14vQUCGUJqS6PLVm8g==}

  sort-package-json@3.6.0:
    resolution: {integrity: sha512-fyJsPLhWvY7u2KsKPZn1PixbXp+1m7V8NWqU8CvgFRbMEX41Ffw1kD8n0CfJiGoaSfoAvbrqRRl/DcHO8omQOQ==}
    engines: {node: '>=20'}
    hasBin: true

  tinyglobby@0.2.15:
    resolution: {integrity: sha512-j2Zq4NyQYG5XMST4cbs02Ak8iJUdxRM0XI5QyxXuZOzKOINmWurp3smXu3y5wDcJrptwpSjgXHzIQxR0omXljQ==}
    engines: {node: '>=12.0.0'}

  tinypool@2.1.0:
    resolution: {integrity: sha512-Pugqs6M0m7Lv1I7FtxN4aoyToKg1C4tu+/381vH35y8oENM/Ai7f7C4StcoK4/+BSw9ebcS8jRiVrORFKCALLw==}
    engines: {node: ^20.0.0 || >=22.0.0}

  tslib@2.8.1:
    resolution: {integrity: sha512-oJFu94HQb+KVduSUQL7wnpmqnfmLsOA/nAh6b6EH0wCEoK0/mPeXU6c3wKDV83MkOuHPRHtSXKKU99IBazS/2w==}

snapshots:

  '@babel/code-frame@7.29.0':
    dependencies:
      '@babel/helper-validator-identifier': 7.28.5
      js-tokens: 4.0.0
      picocolors: 1.1.1

  '@babel/generator@7.29.1':
    dependencies:
      '@babel/parser': 7.29.0
      '@babel/types': 7.29.0
      '@jridgewell/gen-mapping': 0.3.13
      '@jridgewell/trace-mapping': 0.3.31
      jsesc: 3.1.0

  '@babel/helper-globals@7.28.0': {}

  '@babel/helper-string-parser@7.27.1': {}

  '@babel/helper-validator-identifier@7.28.5': {}

  '@babel/parser@7.29.0':
    dependencies:
      '@babel/types': 7.29.0

  '@babel/template@7.28.6':
    dependencies:
      '@babel/code-frame': 7.29.0
      '@babel/parser': 7.29.0
      '@babel/types': 7.29.0

  '@babel/traverse@7.29.0':
    dependencies:
      '@babel/code-frame': 7.29.0
      '@babel/generator': 7.29.1
      '@babel/helper-globals': 7.28.0
      '@babel/parser': 7.29.0
      '@babel/template': 7.28.6
      '@babel/types': 7.29.0
      debug: 4.4.3
    transitivePeerDependencies:
      - supports-color

  '@babel/types@7.29.0':
    dependencies:
      '@babel/helper-string-parser': 7.27.1
      '@babel/helper-validator-identifier': 7.28.5

  '@biomejs/biome@2.3.15':
    optionalDependencies:
      '@biomejs/cli-darwin-arm64': 2.3.15
      '@biomejs/cli-darwin-x64': 2.3.15
      '@biomejs/cli-linux-arm64': 2.3.15
      '@biomejs/cli-linux-arm64-musl': 2.3.15
      '@biomejs/cli-linux-x64': 2.3.15
      '@biomejs/cli-linux-x64-musl': 2.3.15
      '@biomejs/cli-win32-arm64': 2.3.15
      '@biomejs/cli-win32-x64': 2.3.15

  '@biomejs/cli-darwin-arm64@2.3.15':
    optional: true

  '@biomejs/cli-darwin-x64@2.3.15':
    optional: true

  '@biomejs/cli-linux-arm64-musl@2.3.15':
    optional: true

  '@biomejs/cli-linux-arm64@2.3.15':
    optional: true

  '@biomejs/cli-linux-x64-musl@2.3.15':
    optional: true

  '@biomejs/cli-linux-x64@2.3.15':
    optional: true

  '@biomejs/cli-win32-arm64@2.3.15':
    optional: true

  '@biomejs/cli-win32-x64@2.3.15':
    optional: true

  '@emnapi/core@1.7.1':
    dependencies:
      '@emnapi/wasi-threads': 1.1.0
      tslib: 2.8.1
    optional: true

  '@emnapi/runtime@1.7.1':
    dependencies:
      tslib: 2.8.1
    optional: true

  '@emnapi/wasi-threads@1.1.0':
    dependencies:
      tslib: 2.8.1
    optional: true

  '@ianvs/prettier-plugin-sort-imports@4.7.1(@prettier/plugin-oxc@0.1.3)(prettier@3.8.1)':
    dependencies:
      '@babel/generator': 7.29.1
      '@babel/parser': 7.29.0
      '@babel/traverse': 7.29.0
      '@babel/types': 7.29.0
      prettier: 3.8.1
      semver: 7.7.4
    optionalDependencies:
      '@prettier/plugin-oxc': 0.1.3
    transitivePeerDependencies:
      - supports-color

  '@jridgewell/gen-mapping@0.3.13':
    dependencies:
      '@jridgewell/sourcemap-codec': 1.5.5
      '@jridgewell/trace-mapping': 0.3.31

  '@jridgewell/resolve-uri@3.1.2': {}

  '@jridgewell/sourcemap-codec@1.5.5': {}

  '@jridgewell/trace-mapping@0.3.31':
    dependencies:
      '@jridgewell/resolve-uri': 3.1.2
      '@jridgewell/sourcemap-codec': 1.5.5

  '@napi-rs/wasm-runtime@1.1.0':
    dependencies:
      '@emnapi/core': 1.7.1
      '@emnapi/runtime': 1.7.1
      '@tybys/wasm-util': 0.10.1
    optional: true

  '@oxc-parser/binding-android-arm64@0.99.0':
    optional: true

  '@oxc-parser/binding-darwin-arm64@0.99.0':
    optional: true

  '@oxc-parser/binding-darwin-x64@0.99.0':
    optional: true

  '@oxc-parser/binding-freebsd-x64@0.99.0':
    optional: true

  '@oxc-parser/binding-linux-arm-gnueabihf@0.99.0':
    optional: true

  '@oxc-parser/binding-linux-arm-musleabihf@0.99.0':
    optional: true

  '@oxc-parser/binding-linux-arm64-gnu@0.99.0':
    optional: true

  '@oxc-parser/binding-linux-arm64-musl@0.99.0':
    optional: true

  '@oxc-parser/binding-linux-riscv64-gnu@0.99.0':
    optional: true

  '@oxc-parser/binding-linux-s390x-gnu@0.99.0':
    optional: true

  '@oxc-parser/binding-linux-x64-gnu@0.99.0':
    optional: true

  '@oxc-parser/binding-linux-x64-musl@0.99.0':
    optional: true

  '@oxc-parser/binding-wasm32-wasi@0.99.0':
    dependencies:
      '@napi-rs/wasm-runtime': 1.1.0
    optional: true

  '@oxc-parser/binding-win32-arm64-msvc@0.99.0':
    optional: true

  '@oxc-parser/binding-win32-x64-msvc@0.99.0':
    optional: true

  '@oxc-project/types@0.99.0': {}

  '@oxfmt/binding-android-arm-eabi@0.32.0':
    optional: true

  '@oxfmt/binding-android-arm64@0.32.0':
    optional: true

  '@oxfmt/binding-darwin-arm64@0.32.0':
    optional: true

  '@oxfmt/binding-darwin-x64@0.32.0':
    optional: true

  '@oxfmt/binding-freebsd-x64@0.32.0':
    optional: true

  '@oxfmt/binding-linux-arm-gnueabihf@0.32.0':
    optional: true

  '@oxfmt/binding-linux-arm-musleabihf@0.32.0':
    optional: true

  '@oxfmt/binding-linux-arm64-gnu@0.32.0':
    optional: true

  '@oxfmt/binding-linux-arm64-musl@0.32.0':
    optional: true

  '@oxfmt/binding-linux-ppc64-gnu@0.32.0':
    optional: true

  '@oxfmt/binding-linux-riscv64-gnu@0.32.0':
    optional: true

  '@oxfmt/binding-linux-riscv64-musl@0.32.0':
    optional: true

  '@oxfmt/binding-linux-s390x-gnu@0.32.0':
    optional: true

  '@oxfmt/binding-linux-x64-gnu@0.32.0':
    optional: true

  '@oxfmt/binding-linux-x64-musl@0.32.0':
    optional: true

  '@oxfmt/binding-openharmony-arm64@0.32.0':
    optional: true

  '@oxfmt/binding-win32-arm64-msvc@0.32.0':
    optional: true

  '@oxfmt/binding-win32-ia32-msvc@0.32.0':
    optional: true

  '@oxfmt/binding-win32-x64-msvc@0.32.0':
    optional: true

  '@prettier/plugin-oxc@0.1.3':
    dependencies:
      oxc-parser: 0.99.0

  '@tybys/wasm-util@0.10.1':
    dependencies:
      tslib: 2.8.1
    optional: true

  debug@4.4.3:
    dependencies:
      ms: 2.1.3

  detect-indent@7.0.2: {}

  detect-newline@4.0.1: {}

  fdir@6.5.0(picomatch@4.0.3):
    optionalDependencies:
      picomatch: 4.0.3

  git-hooks-list@4.2.1: {}

  is-plain-obj@4.1.0: {}

  js-tokens@4.0.0: {}

  jsesc@3.1.0: {}

  ms@2.1.3: {}

  oxc-parser@0.99.0:
    dependencies:
      '@oxc-project/types': 0.99.0
    optionalDependencies:
      '@oxc-parser/binding-android-arm64': 0.99.0
      '@oxc-parser/binding-darwin-arm64': 0.99.0
      '@oxc-parser/binding-darwin-x64': 0.99.0
      '@oxc-parser/binding-freebsd-x64': 0.99.0
      '@oxc-parser/binding-linux-arm-gnueabihf': 0.99.0
      '@oxc-parser/binding-linux-arm-musleabihf': 0.99.0
      '@oxc-parser/binding-linux-arm64-gnu': 0.99.0
      '@oxc-parser/binding-linux-arm64-musl': 0.99.0
      '@oxc-parser/binding-linux-riscv64-gnu': 0.99.0
      '@oxc-parser/binding-linux-s390x-gnu': 0.99.0
      '@oxc-parser/binding-linux-x64-gnu': 0.99.0
      '@oxc-parser/binding-linux-x64-musl': 0.99.0
      '@oxc-parser/binding-wasm32-wasi': 0.99.0
      '@oxc-parser/binding-win32-arm64-msvc': 0.99.0
      '@oxc-parser/binding-win32-x64-msvc': 0.99.0

  oxfmt@0.32.0:
    dependencies:
      tinypool: 2.1.0
    optionalDependencies:
      '@oxfmt/binding-android-arm-eabi': 0.32.0
      '@oxfmt/binding-android-arm64': 0.32.0
      '@oxfmt/binding-darwin-arm64': 0.32.0
      '@oxfmt/binding-darwin-x64': 0.32.0
      '@oxfmt/binding-freebsd-x64': 0.32.0
      '@oxfmt/binding-linux-arm-gnueabihf': 0.32.0
      '@oxfmt/binding-linux-arm-musleabihf': 0.32.0
      '@oxfmt/binding-linux-arm64-gnu': 0.32.0
      '@oxfmt/binding-linux-arm64-musl': 0.32.0
      '@oxfmt/binding-linux-ppc64-gnu': 0.32.0
      '@oxfmt/binding-linux-riscv64-gnu': 0.32.0
      '@oxfmt/binding-linux-riscv64-musl': 0.32.0
      '@oxfmt/binding-linux-s390x-gnu': 0.32.0
      '@oxfmt/binding-linux-x64-gnu': 0.32.0
      '@oxfmt/binding-linux-x64-musl': 0.32.0
      '@oxfmt/binding-openharmony-arm64': 0.32.0
      '@oxfmt/binding-win32-arm64-msvc': 0.32.0
      '@oxfmt/binding-win32-ia32-msvc': 0.32.0
      '@oxfmt/binding-win32-x64-msvc': 0.32.0

  picocolors@1.1.1: {}

  picomatch@4.0.3: {}

  prettier-plugin-packagejson@3.0.0(prettier@3.8.1):
    dependencies:
      sort-package-json: 3.6.0
    optionalDependencies:
      prettier: 3.8.1

  prettier-plugin-tailwindcss@0.7.2(@ianvs/prettier-plugin-sort-imports@4.7.1(@prettier/plugin-oxc@0.1.3)(prettier@3.8.1))(@prettier/plugin-oxc@0.1.3)(prettier@3.8.1):
    dependencies:
      prettier: 3.8.1
    optionalDependencies:
      '@ianvs/prettier-plugin-sort-imports': 4.7.1(@prettier/plugin-oxc@0.1.3)(prettier@3.8.1)
      '@prettier/plugin-oxc': 0.1.3

  prettier@3.8.1: {}

  semver@7.7.4: {}

  sort-object-keys@2.1.0: {}

  sort-package-json@3.6.0:
    dependencies:
      detect-indent: 7.0.2
      detect-newline: 4.0.1
      git-hooks-list: 4.2.1
      is-plain-obj: 4.1.0
      semver: 7.7.4
      sort-object-keys: 2.1.0
      tinyglobby: 0.2.15

  tinyglobby@0.2.15:
    dependencies:
      fdir: 6.5.0(picomatch@4.0.3)
      picomatch: 4.0.3

  tinypool@2.1.0: {}

  tslib@2.8.1:
    optional: true
