lockfileVersion: '9.0'

settings:
  autoInstallPeers: true
  excludeLinksFromLockfile: false

importers:

  .:
    devDependencies:
      '@biomejs/biome':
        specifier: ^2.3.11
        version: 2.4.12
      '@ianvs/prettier-plugin-sort-imports':
        specifier: ^4.7.0
        version: 4.7.1(@prettier/plugin-oxc@0.1.4)(prettier@3.8.3)
      '@prettier/plugin-oxc':
        specifier: ^0.1.3
        version: 0.1.4
      oxfmt:
        specifier: ^0.45.0
        version: 0.45.0
      prettier:
        specifier: ^3.8.1
        version: 3.8.3
      prettier-plugin-packagejson:
        specifier: ^3.0.0
        version: 3.0.2(prettier@3.8.3)
      prettier-plugin-tailwindcss:
        specifier: ^0.7.2
        version: 0.7.2(@ianvs/prettier-plugin-sort-imports@4.7.1(@prettier/plugin-oxc@0.1.4)(prettier@3.8.3))(@prettier/plugin-oxc@0.1.4)(prettier@3.8.3)

packages:

  '@babel/code-frame@7.29.0':
    resolution: {integrity: sha512-9NhCeYjq9+3uxgdtp20LSiJXJvN0FeCtNGpJxuMFZ1Kv3cWUNb6DOhJwUvcVCzKGR66cw4njwM6hrJLqgOwbcw==}
    engines: {node: '>=6.9.0'}

  '@babel/generator@7.29.1':
    resolution: {integrity: sha512-qsaF+9Qcm2Qv8SRIMMscAvG4O3lJ0F1GuMo5HR/Bp02LopNgnZBC/EkbevHFeGs4ls/oPz9v+Bsmzbkbe+0dUw==}
    engines: {node: '>=6.9.0'}

  '@babel/helper-globals@7.28.0':
    resolution: {integrity: sha512-+W6cISkXFa1jXsDEdYA8HeevQT/FULhxzR99pxphltZcVaugps53THCeiWA8SguxxpSp3gKPiuYfSWopkLQ4hw==}
    engines: {node: '>=6.9.0'}

  '@babel/helper-string-parser@7.27.1':
    resolution: {integrity: sha512-qMlSxKbpRlAridDExk92nSobyDdpPijUq2DW6oDnUqd0iOGxmQjyqhMIihI9+zv4LPyZdRje2cavWPbCbWm3eA==}
    engines: {node: '>=6.9.0'}

  '@babel/helper-validator-identifier@7.28.5':
    resolution: {integrity: sha512-qSs4ifwzKJSV39ucNjsvc6WVHs6b7S03sOh2OcHF9UHfVPqWWALUsNUVzhSBiItjRZoLHx7nIarVjqKVusUZ1Q==}
    engines: {node: '>=6.9.0'}

  '@babel/parser@7.29.0':
    resolution: {integrity: sha512-IyDgFV5GeDUVX4YdF/3CPULtVGSXXMLh1xVIgdCgxApktqnQV0r7/8Nqthg+8YLGaAtdyIlo2qIdZrbCv4+7ww==}
    engines: {node: '>=6.0.0'}
    hasBin: true

  '@babel/template@7.28.6':
    resolution: {integrity: sha512-YA6Ma2KsCdGb+WC6UpBVFJGXL58MDA6oyONbjyF/+5sBgxY/dwkhLogbMT2GXXyU84/IhRw/2D1Os1B/giz+BQ==}
    engines: {node: '>=6.9.0'}

  '@babel/traverse@7.29.0':
    resolution: {integrity: sha512-4HPiQr0X7+waHfyXPZpWPfWL/J7dcN1mx9gL6WdQVMbPnF3+ZhSMs8tCxN7oHddJE9fhNE7+lxdnlyemKfJRuA==}
    engines: {node: '>=6.9.0'}

  '@babel/types@7.29.0':
    resolution: {integrity: sha512-LwdZHpScM4Qz8Xw2iKSzS+cfglZzJGvofQICy7W7v4caru4EaAmyUuO6BGrbyQ2mYV11W0U8j5mBhd14dd3B0A==}
    engines: {node: '>=6.9.0'}

  '@biomejs/biome@2.4.12':
    resolution: {integrity: sha512-Rro7adQl3NLq/zJCIL98eElXKI8eEiBtoeu5TbXF/U3qbjuSc7Jb5rjUbeHHcquDWeSf3HnGP7XI5qGrlRk/pA==}
    engines: {node: '>=14.21.3'}
    hasBin: true

  '@biomejs/cli-darwin-arm64@2.4.12':
    resolution: {integrity: sha512-BnMU4Pc3ciEVteVpZ0BK33MLr7X57F5w1dwDLDn+/iy/yTrA4Q/N2yftidFtsA4vrDh0FMXDpacNV/Tl3fbmng==}
    engines: {node: '>=14.21.3'}
    cpu: [arm64]
    os: [darwin]

  '@biomejs/cli-darwin-x64@2.4.12':
    resolution: {integrity: sha512-x9uJ0bI1rJsWICp3VH8w/5PnAVD3A7SqzDpbrfoUQX1QyWrK5jSU4fRLo/wSgGeplCivbxBRKmt5Xq4/nWvq8A==}
    engines: {node: '>=14.21.3'}
    cpu: [x64]
    os: [darwin]

  '@biomejs/cli-linux-arm64-musl@2.4.12':
    resolution: {integrity: sha512-FhfpkAAlKL6kwvcVap0Hgp4AhZmtd3YImg0kK1jd7C/aSoh4SfsB2f++yG1rU0lr8Y5MCFJrcSkmssiL9Xnnig==}
    engines: {node: '>=14.21.3'}
    cpu: [arm64]
    os: [linux]
    libc: [musl]

  '@biomejs/cli-linux-arm64@2.4.12':
    resolution: {integrity: sha512-tOwuCuZZtKi1jVzbk/5nXmIsziOB6yqN8c9r9QM0EJYPU6DpQWf11uBOSCfFKKM4H3d9ZoarvlgMfbcuD051Pw==}
    engines: {node: '>=14.21.3'}
    cpu: [arm64]
    os: [linux]
    libc: [glibc]

  '@biomejs/cli-linux-x64-musl@2.4.12':
    resolution: {integrity: sha512-dwTIgZrGutzhkQCuvHynCkyW6hJxUuyZqKKO0YNfaS2GUoRO+tOvxXZqZB6SkWAOdfZTzwaw8IEdUnIkHKHoew==}
    engines: {node: '>=14.21.3'}
    cpu: [x64]
    os: [linux]
    libc: [musl]

  '@biomejs/cli-linux-x64@2.4.12':
    resolution: {integrity: sha512-8pFeAnLU9QdW9jCIslB/v82bI0lhBmz2ZAKc8pVMFPO0t0wAHsoEkrUQUbMkIorTRIjbqyNZHA3lEXavsPWYSw==}
    engines: {node: '>=14.21.3'}
    cpu: [x64]
    os: [linux]
    libc: [glibc]

  '@biomejs/cli-win32-arm64@2.4.12':
    resolution: {integrity: sha512-B0DLnx0vA9ya/3v7XyCaP+/lCpnbWbMOfUFFve+xb5OxyYvdHaS55YsSddr228Y+JAFk58agCuZTsqNiw2a6ig==}
    engines: {node: '>=14.21.3'}
    cpu: [arm64]
    os: [win32]

  '@biomejs/cli-win32-x64@2.4.12':
    resolution: {integrity: sha512-yMckRzTyZ83hkk8iDFWswqSdU8tvZxspJKnYNh7JZr/zhZNOlzH13k4ecboU6MurKExCe2HUkH75pGI/O2JwGA==}
    engines: {node: '>=14.21.3'}
    cpu: [x64]
    os: [win32]

  '@emnapi/core@1.9.2':
    resolution: {integrity: sha512-UC+ZhH3XtczQYfOlu3lNEkdW/p4dsJ1r/bP7H8+rhao3TTTMO1ATq/4DdIi23XuGoFY+Cz0JmCbdVl0hz9jZcA==}

  '@emnapi/runtime@1.9.2':
    resolution: {integrity: sha512-3U4+MIWHImeyu1wnmVygh5WlgfYDtyf0k8AbLhMFxOipihf6nrWC4syIm/SwEeec0mNSafiiNnMJwbza/Is6Lw==}

  '@emnapi/wasi-threads@1.2.1':
    resolution: {integrity: sha512-uTII7OYF+/Mes/MrcIOYp5yOtSMLBWSIoLPpcgwipoiKbli6k322tcoFsxoIIxPDqW01SQGAgko4EzZi2BNv2w==}

  '@ianvs/prettier-plugin-sort-imports@4.7.1':
    resolution: {integrity: sha512-jmTNYGlg95tlsoG3JLCcuC4BrFELJtLirLAkQW/71lXSyOhVt/Xj7xWbbGcuVbNq1gwWgSyMrPjJc9Z30hynVw==}
    peerDependencies:
      '@prettier/plugin-oxc': ^0.0.4 || ^0.1.0
      '@vue/compiler-sfc': 2.7.x || 3.x
      content-tag: ^4.0.0
      prettier: 2 || 3 || ^4.0.0-0
      prettier-plugin-ember-template-tag: ^2.1.0
    peerDependenciesMeta:
      '@prettier/plugin-oxc':
        optional: true
      '@vue/compiler-sfc':
        optional: true
      content-tag:
        optional: true
      prettier-plugin-ember-template-tag:
        optional: true

  '@jridgewell/gen-mapping@0.3.13':
    resolution: {integrity: sha512-2kkt/7niJ6MgEPxF0bYdQ6etZaA+fQvDcLKckhy1yIQOzaoKjBBjSj63/aLVjYE3qhRt5dvM+uUyfCg6UKCBbA==}

  '@jridgewell/resolve-uri@3.1.2':
    resolution: {integrity: sha512-bRISgCIjP20/tbWSPWMEi54QVPRZExkuD9lJL+UIxUKtwVJA8wW1Trb1jMs1RFXo1CBTNZ/5hpC9QvmKWdopKw==}
    engines: {node: '>=6.0.0'}

  '@jridgewell/sourcemap-codec@1.5.5':
    resolution: {integrity: sha512-cYQ9310grqxueWbl+WuIUIaiUaDcj7WOq5fVhEljNVgRfOUhY9fy2zTvfoqWsnebh8Sl70VScFbICvJnLKB0Og==}

  '@jridgewell/trace-mapping@0.3.31':
    resolution: {integrity: sha512-zzNR+SdQSDJzc8joaeP8QQoCQr8NuYx2dIIytl1QeBEZHJ9uW6hebsrYgbz8hJwUQao3TWCMtmfV8Nu1twOLAw==}

  '@napi-rs/wasm-runtime@1.1.4':
    resolution: {integrity: sha512-3NQNNgA1YSlJb/kMH1ildASP9HW7/7kYnRI2szWJaofaS1hWmbGI4H+d3+22aGzXXN9IJ+n+GiFVcGipJP18ow==}
    peerDependencies:
      '@emnapi/core': ^1.7.1
      '@emnapi/runtime': ^1.7.1

  '@oxc-parser/binding-android-arm-eabi@0.125.0':
    resolution: {integrity: sha512-YfHwPEH8c5XNOlffaAqhsChNOBgmJ7rEgVbxSwAr65KDR0wbpZUBkrSaCClYL4urf0LmwyULrahHMvFAyk/dwA==}
    engines: {node: ^20.19.0 || >=22.12.0}
    cpu: [arm]
    os: [android]

  '@oxc-parser/binding-android-arm64@0.125.0':
    resolution: {integrity: sha512-rh72O8ackqp0HC+3W38oCTkCFmOpXrHRrbP+4xrX8O1UmCWcyb5pIbA/+0ATPGVVl9NcHt/CgqI8rBuw4Y9kMg==}
    engines: {node: ^20.19.0 || >=22.12.0}
    cpu: [arm64]
    os: [android]

  '@oxc-parser/binding-darwin-arm64@0.125.0':
    resolution: {integrity: sha512-14Q74TMQA/eO0N5dz5Tel25qma9vVJEpmrmqXnx0R7jMXhqFxkSSy40NOtCQijWUfeD5ho5+NuXDl5WSxyifJQ==}
    engines: {node: ^20.19.0 || >=22.12.0}
    cpu: [arm64]
    os: [darwin]

  '@oxc-parser/binding-darwin-x64@0.125.0':
    resolution: {integrity: sha512-qWQDphAaIS6qXeuYcWm4jta8qFZpjjim2WxiPwZmHi77COS8i0Jct8tBcNIOZ/JaVh+hCL2it228m2Lr9GOL6A==}
    engines: {node: ^20.19.0 || >=22.12.0}
    cpu: [x64]
    os: [darwin]

  '@oxc-parser/binding-freebsd-x64@0.125.0':
    resolution: {integrity: sha512-PTATC/j2MvDP8lejoCC7PFWNoYV2NsVzzM0WgBqZDFAkFdKsW0wfbQWochfY3fHNUN1QhZNetrd/K4Pdo6cIHQ==}
    engines: {node: ^20.19.0 || >=22.12.0}
    cpu: [x64]
    os: [freebsd]

  '@oxc-parser/binding-linux-arm-gnueabihf@0.125.0':
    resolution: {integrity: sha512-Colj5agHBAMKZrkyPcCEelfKuh8sNi1lWpJf1TiEeEmbREQ6I2ytG+ccfdDaiUV7Z0Vw5FyJbnqEPgHo8kF3RQ==}
    engines: {node: ^20.19.0 || >=22.12.0}
    cpu: [arm]
    os: [linux]

  '@oxc-parser/binding-linux-arm-musleabihf@0.125.0':
    resolution: {integrity: sha512-BxQ8o082+/qtjAFK6WUV+/bi0y3M0RPvPQNm8JSY7/7LfhbWq6NykgZiGayrtauO1nowpmGlnpJXXMp9q0oT1A==}
    engines: {node: ^20.19.0 || >=22.12.0}
    cpu: [arm]
    os: [linux]

  '@oxc-parser/binding-linux-arm64-gnu@0.125.0':
    resolution: {integrity: sha512-qR0dOth+4whygUwoNnfews8jMC78gjhIBfcy9AFzvxoh7PFGdferRp3KV/4kkeaVk2kOS/5grlAeJevpA+/Pfg==}
    engines: {node: ^20.19.0 || >=22.12.0}
    cpu: [arm64]
    os: [linux]
    libc: [glibc]

  '@oxc-parser/binding-linux-arm64-musl@0.125.0':
    resolution: {integrity: sha512-eIXyzpA12/+maKjMSsXdHfpzwQcoRfzokT+/ZhVEo6u/9RcXQrZZmZ70MmmJqwVcLez6U4ScjB/eiYlsEs7p0g==}
    engines: {node: ^20.19.0 || >=22.12.0}
    cpu: [arm64]
    os: [linux]
    libc: [musl]

  '@oxc-parser/binding-linux-ppc64-gnu@0.125.0':
    resolution: {integrity: sha512-w7ir5OuqSJUKLadmsSAWwTNso/ZGem2bPT/1LSU7l+ecmKPyegIvU+wzY0ADhZ/t/goaedqyp24SDRxyLxO9zg==}
    engines: {node: ^20.19.0 || >=22.12.0}
    cpu: [ppc64]
    os: [linux]
    libc: [glibc]

  '@oxc-parser/binding-linux-riscv64-gnu@0.125.0':
    resolution: {integrity: sha512-2KPTfWorcW8RNE8aEMHKbPSjHDBjFVYqg8nSLRBp7pe7VBqHsmkO9jpK8YmaYA5d5GcUy+J++5O4EgxkrQBEtw==}
    engines: {node: ^20.19.0 || >=22.12.0}
    cpu: [riscv64]
    os: [linux]
    libc: [glibc]

  '@oxc-parser/binding-linux-riscv64-musl@0.125.0':
    resolution: {integrity: sha512-Vsl8dmQdKtDsQiDPHP5VFjXOuVGcZQcziYMkU/yPnlaKHMqoX/q+bxt7K+BwResi9Cc8pnZ6oYGTgPcjAtt5QQ==}
    engines: {node: ^20.19.0 || >=22.12.0}
    cpu: [riscv64]
    os: [linux]
    libc: [musl]

  '@oxc-parser/binding-linux-s390x-gnu@0.125.0':
    resolution: {integrity: sha512-HwY5kuM818r/kHdHG2TZqzqxyF7fz90prPg85R/2VmgRWk8cMyGZo+8BNZDQAMJ6aGSTRvn2sdGXv3sZ5bsUWw==}
    engines: {node: ^20.19.0 || >=22.12.0}
    cpu: [s390x]
    os: [linux]
    libc: [glibc]

  '@oxc-parser/binding-linux-x64-gnu@0.125.0':
    resolution: {integrity: sha512-o7k6+xAI2pIkjBsCqM0elI4q+qY/3TexH6cpIlGm+nJze1tvx7QEHCKdiy6wnRacFvUYmySEZ5hWFBc9MbxrIA==}
    engines: {node: ^20.19.0 || >=22.12.0}
    cpu: [x64]
    os: [linux]
    libc: [glibc]

  '@oxc-parser/binding-linux-x64-musl@0.125.0':
    resolution: {integrity: sha512-vksRynFD6vytE1sDZCaeIk6y6rCsq0a18T4kcXbfGHBq2q/qSyDogWLk3A3S3hl/ikNfse7yrEwAuQ8ldIJeAg==}
    engines: {node: ^20.19.0 || >=22.12.0}
    cpu: [x64]
    os: [linux]
    libc: [musl]

  '@oxc-parser/binding-openharmony-arm64@0.125.0':
    resolution: {integrity: sha512-AAtg4pnKvrKsay2ldZZRY98ALFBOgbyy3Gyxo658z6aecM0Zr5mI9BOHRCchSVKUHqMqmjhCA4wIdZvz02VrAw==}
    engines: {node: ^20.19.0 || >=22.12.0}
    cpu: [arm64]
    os: [openharmony]

  '@oxc-parser/binding-wasm32-wasi@0.125.0':
    resolution: {integrity: sha512-FkIQFrwlBXoFsazb9NQpQPP4YI9sWWXUOLkIPYlQb+hPwr+VY6d0B7l26yMBR2ktf2h3qyAMOW6Pd+mX9rtOJg==}
    engines: {node: '>=14.0.0'}
    cpu: [wasm32]

  '@oxc-parser/binding-win32-arm64-msvc@0.125.0':
    resolution: {integrity: sha512-bi4RY9oktNm3kQ3qRCJgBKtwqSg+mtnt5W9l33rdiTyiXlL8a1LQQy1x7aym/ArHDE+19kSWSr2YDd2ExxzbfQ==}
    engines: {node: ^20.19.0 || >=22.12.0}
    cpu: [arm64]
    os: [win32]

  '@oxc-parser/binding-win32-ia32-msvc@0.125.0':
    resolution: {integrity: sha512-ZhvL2vK+9rzjk1US2d2u6NeI1/jtkzsm//ilFac+Kn3klTpJJlKNZwF23CUiAu+B3rdQUbPItm/BHlL6f/5uPA==}
    engines: {node: ^20.19.0 || >=22.12.0}
    cpu: [ia32]
    os: [win32]

  '@oxc-parser/binding-win32-x64-msvc@0.125.0':
    resolution: {integrity: sha512-P4ywUSCYIg44Y82wF3e0ns1BV1dNn+ZhfjNDwm0FTPtBKXedOCRPrvmjXn7Qb+IDGGHAA68lmDLCjGxuKUwXPw==}
    engines: {node: ^20.19.0 || >=22.12.0}
    cpu: [x64]
    os: [win32]

  '@oxc-project/types@0.125.0':
    resolution: {integrity: sha512-s9RKLJbRR+3kEFB3mmJVPWah3cZUAl0Jzmthx6Pb/QXnlNkRwTP75tK4uVahp/ifiiTmNYMXI1+NnGP1rNurXg==}

  '@oxfmt/binding-android-arm-eabi@0.45.0':
    resolution: {integrity: sha512-A/UMxFob1fefCuMeGxQBulGfFE38g2Gm23ynr3u6b+b7fY7/ajGbNsa3ikMIkGMLJW/TRoQaMoP1kME7S+815w==}
    engines: {node: ^20.19.0 || >=22.12.0}
    cpu: [arm]
    os: [android]

  '@oxfmt/binding-android-arm64@0.45.0':
    resolution: {integrity: sha512-L63z4uZmHjgvvqvMJD7mwff8aSBkM0+X4uFr6l6U5t6+Qc9DCLVZWIunJ7Gm4fn4zHPdSq6FFQnhu9yqqobxIg==}
    engines: {node: ^20.19.0 || >=22.12.0}
    cpu: [arm64]
    os: [android]

  '@oxfmt/binding-darwin-arm64@0.45.0':
    resolution: {integrity: sha512-UV34dd623FzqT+outIGndsCA/RBB+qgB3XVQhgmmJ9PJwa37NzPC9qzgKeOhPKxVk2HW+JKldQrVL54zs4Noww==}
    engines: {node: ^20.19.0 || >=22.12.0}
    cpu: [arm64]
    os: [darwin]

  '@oxfmt/binding-darwin-x64@0.45.0':
    resolution: {integrity: sha512-pMNJv0CMa1pDefVPeNbuQxibh8ITpWDFEhMC/IBB9Zlu76EbgzYwrzI4Cb11mqX2+rIYN70UTrh3z06TM59ptQ==}
    engines: {node: ^20.19.0 || >=22.12.0}
    cpu: [x64]
    os: [darwin]

  '@oxfmt/binding-freebsd-x64@0.45.0':
    resolution: {integrity: sha512-xTcRoxbbo61sW2+ZRPeH+vp/o9G8gkdhiVumFU+TpneiPm14c79l6GFlxPXlCE9bNWikigbsrvJw46zCVAQFfg==}
    engines: {node: ^20.19.0 || >=22.12.0}
    cpu: [x64]
    os: [freebsd]

  '@oxfmt/binding-linux-arm-gnueabihf@0.45.0':
    resolution: {integrity: sha512-hWL8Hdni+3U1mPFx1UtWeGp3tNb6EhBAUHRMbKUxVkOp3WwoJbpVO2bfUVbS4PfpledviXXNHSTl1veTa6FhkQ==}
    engines: {node: ^20.19.0 || >=22.12.0}
    cpu: [arm]
    os: [linux]

  '@oxfmt/binding-linux-arm-musleabihf@0.45.0':
    resolution: {integrity: sha512-6Blt/0OBT7vvfQpqYuYbpbFLPqSiaYpEJzUUWhinPEuADypDbtV1+LdjM0vYBNGPvnj85ex7lTerEX6JGcPt9w==}
    engines: {node: ^20.19.0 || >=22.12.0}
    cpu: [arm]
    os: [linux]

  '@oxfmt/binding-linux-arm64-gnu@0.45.0':
    resolution: {integrity: sha512-jLjoLfe+hGfjhA8hNBSdw85yCA8ePKq7ME4T+g6P9caQXvmt6IhE2X7iVjnVdkmYUWEzZrxlh4p6RkDmAMJY/A==}
    engines: {node: ^20.19.0 || >=22.12.0}
    cpu: [arm64]
    os: [linux]
    libc: [glibc]

  '@oxfmt/binding-linux-arm64-musl@0.45.0':
    resolution: {integrity: sha512-XQKXZIKYJC3GQJ8FnD3iMntpw69Wd9kDDK/Xt79p6xnFYlGGxSNv2vIBvRTDg5CKByWFWWZLCRDOXoP/m6YN4g==}
    engines: {node: ^20.19.0 || >=22.12.0}
    cpu: [arm64]
    os: [linux]
    libc: [musl]

  '@oxfmt/binding-linux-ppc64-gnu@0.45.0':
    resolution: {integrity: sha512-+g5RiG+xOkdrCWkKodv407nTvMq4vYM18Uox2MhZBm/YoqFxxJpWKsloskFFG5NU13HGPw1wzYjjOVcyd9moCA==}
    engines: {node: ^20.19.0 || >=22.12.0}
    cpu: [ppc64]
    os: [linux]
    libc: [glibc]

  '@oxfmt/binding-linux-riscv64-gnu@0.45.0':
    resolution: {integrity: sha512-V7dXKoSyEbWAkkSF4JJNtF+NJZDmJoSarSoP30WCsB3X636Rehd3CvxBj49FIJxEBFWhvcUjGSHVeU8Erck1bQ==}
    engines: {node: ^20.19.0 || >=22.12.0}
    cpu: [riscv64]
    os: [linux]
    libc: [glibc]

  '@oxfmt/binding-linux-riscv64-musl@0.45.0':
    resolution: {integrity: sha512-Vdelft1sAEYojVGgcODEFXSWYQYlIvoyIGWebKCuUibd1tvS1TjTx413xG2ZLuHpYj45CkN/ztMLMX6jrgqpgg==}
    engines: {node: ^20.19.0 || >=22.12.0}
    cpu: [riscv64]
    os: [linux]
    libc: [musl]

  '@oxfmt/binding-linux-s390x-gnu@0.45.0':
    resolution: {integrity: sha512-RR7xKgNpqwENnK0aYCGYg0JycY2n93J0reNjHyes+I9Gq52dH95x+CBlnlAQHCPfz6FGnKA9HirgUl14WO6o7w==}
    engines: {node: ^20.19.0 || >=22.12.0}
    cpu: [s390x]
    os: [linux]
    libc: [glibc]

  '@oxfmt/binding-linux-x64-gnu@0.45.0':
    resolution: {integrity: sha512-U/QQ0+BQNSHxjuXR/utvXnQ50Vu5kUuqEomZvQ1/3mhgbBiMc2WU9q5kZ5WwLp3gnFIx9ibkveoRSe2EZubkqg==}
    engines: {node: ^20.19.0 || >=22.12.0}
    cpu: [x64]
    os: [linux]
    libc: [glibc]

  '@oxfmt/binding-linux-x64-musl@0.45.0':
    resolution: {integrity: sha512-o5TLOUCF0RWQjsIS06yVC+kFgp092/yLe6qBGSUvtnmTVw9gxjpdQSXc3VN5Cnive4K11HNstEZF8ROKHfDFSw==}
    engines: {node: ^20.19.0 || >=22.12.0}
    cpu: [x64]
    os: [linux]
    libc: [musl]

  '@oxfmt/binding-openharmony-arm64@0.45.0':
    resolution: {integrity: sha512-RnGcV3HgPuOjsGx/k9oyRNKmOp+NBLGzZTdPDYbc19r7NGeYPplnUU/BfU35bX2Y/O4ejvHxcfkvW2WoYL/gsg==}
    engines: {node: ^20.19.0 || >=22.12.0}
    cpu: [arm64]
    os: [openharmony]

  '@oxfmt/binding-win32-arm64-msvc@0.45.0':
    resolution: {integrity: sha512-v3Vj7iKKsUFwt9w5hsqIIoErKVoENC6LoqfDlteOQ5QMDCXihlqLoxpmviUhXnNncg4zV6U9BPwlBbwa+qm4wg==}
    engines: {node: ^20.19.0 || >=22.12.0}
    cpu: [arm64]
    os: [win32]

  '@oxfmt/binding-win32-ia32-msvc@0.45.0':
    resolution: {integrity: sha512-N8yotPBX6ph0H3toF4AEpdCeVPrdcSetj+8eGiZGsrLsng3bs/Q5HPu4bbSxip5GBPx5hGbGHrZwH4+rcrjhHA==}
    engines: {node: ^20.19.0 || >=22.12.0}
    cpu: [ia32]
    os: [win32]

  '@oxfmt/binding-win32-x64-msvc@0.45.0':
    resolution: {integrity: sha512-w5MMTRCK1dpQeRA+HHqXQXyN33DlG/N2LOYxJmaT4fJjcmZrbNnqw7SmIk7I2/a2493PPLZ+2E/Ar6t2iKVMug==}
    engines: {node: ^20.19.0 || >=22.12.0}
    cpu: [x64]
    os: [win32]

  '@prettier/plugin-oxc@0.1.4':
    resolution: {integrity: sha512-P/KX37tuR1R7xMHMakgzdWsRDMeze7SkwUcGQKbqQVSsJLW0q5kxax2dxEJgK4E4zIoMy7pG6UUE7x4al8AQeg==}
    engines: {node: '>=14'}

  '@tybys/wasm-util@0.10.1':
    resolution: {integrity: sha512-9tTaPJLSiejZKx+Bmog4uSubteqTvFrVrURwkmHixBo0G4seD0zUxp98E1DzUBJxLQ3NPwXrGKDiVjwx/DpPsg==}

  debug@4.4.3:
    resolution: {integrity: sha512-RGwwWnwQvkVfavKVt22FGLw+xYSdzARwm0ru6DhTVA3umU5hZc28V3kO4stgYryrTlLpuvgI9GiijltAjNbcqA==}
    engines: {node: '>=6.0'}
    peerDependencies:
      supports-color: '*'
    peerDependenciesMeta:
      supports-color:
        optional: true

  detect-indent@7.0.2:
    resolution: {integrity: sha512-y+8xyqdGLL+6sh0tVeHcfP/QDd8gUgbasolJJpY7NgeQGSZ739bDtSiaiDgtoicy+mtYB81dKLxO9xRhCyIB3A==}
    engines: {node: '>=12.20'}

  detect-newline@4.0.1:
    resolution: {integrity: sha512-qE3Veg1YXzGHQhlA6jzebZN2qVf6NX+A7m7qlhCGG30dJixrAQhYOsJjsnBjJkCSmuOPpCk30145fr8FV0bzog==}
    engines: {node: ^12.20.0 || ^14.13.1 || >=16.0.0}

  fdir@6.5.0:
    resolution: {integrity: sha512-tIbYtZbucOs0BRGqPJkshJUYdL+SDH7dVM8gjy+ERp3WAUjLEFJE+02kanyHtwjWOnwrKYBiwAmM0p4kLJAnXg==}
    engines: {node: '>=12.0.0'}
    peerDependencies:
      picomatch: ^3 || ^4
    peerDependenciesMeta:
      picomatch:
        optional: true

  git-hooks-list@4.2.1:
    resolution: {integrity: sha512-WNvqJjOxxs/8ZP9+DWdwWJ7cDsd60NHf39XnD82pDVrKO5q7xfPqpkK6hwEAmBa/ZSEE4IOoR75EzbbIuwGlMw==}

  is-plain-obj@4.1.0:
    resolution: {integrity: sha512-+Pgi+vMuUNkJyExiMBt5IlFoMyKnr5zhJ4Uspz58WOhBF5QoIZkFyNHIbBAtHwzVAgk5RtndVNsDRN61/mmDqg==}
    engines: {node: '>=12'}

  js-tokens@4.0.0:
    resolution: {integrity: sha512-RdJUflcE3cUzKiMqQgsCu06FPu9UdIJO0beYbPhHN4k6apgJtifcoCtT9bcxOpYBtpD2kCM6Sbzg4CausW/PKQ==}

  jsesc@3.1.0:
    resolution: {integrity: sha512-/sM3dO2FOzXjKQhJuo0Q173wf2KOo8t4I8vHy6lF9poUp7bKT0/NHE8fPX23PwfhnykfqnC2xRxOnVw5XuGIaA==}
    engines: {node: '>=6'}
    hasBin: true

  ms@2.1.3:
    resolution: {integrity: sha512-6FlzubTLZG3J2a/NVCAleEhjzq5oxgHyaCU9yYXvcLsvoVaHJq/s5xXI6/XXP6tz7R9xAOtHnSO/tXtF3WRTlA==}

  oxc-parser@0.125.0:
    resolution: {integrity: sha512-6M0gEDDVMGGy+Ckg/mlLh4PL87sfKRMlkQJTVTxdcEREwDa4usWjM9n4jC6Jxa5+nc3YlZTecUs4hHjoTVWKaw==}
    engines: {node: ^20.19.0 || >=22.12.0}

  oxfmt@0.45.0:
    resolution: {integrity: sha512-0o/COoN9fY50bjVeM7PQsNgbhndKurBIeTIcspW033OumksjJJmIVDKjAk5HMwU/GHTxSOdGDdhJ6BRzGPmsHg==}
    engines: {node: ^20.19.0 || >=22.12.0}
    hasBin: true

  picocolors@1.1.1:
    resolution: {integrity: sha512-xceH2snhtb5M9liqDsmEw56le376mTZkEX/jEb/RxNFyegNul7eNslCXP9FDj/Lcu0X8KEyMceP2ntpaHrDEVA==}

  picomatch@4.0.3:
    resolution: {integrity: sha512-5gTmgEY/sqK6gFXLIsQNH19lWb4ebPDLA4SdLP7dsWkIXHWlG66oPuVvXSGFPppYZz8ZDZq0dYYrbHfBCVUb1Q==}
    engines: {node: '>=12'}

  prettier-plugin-packagejson@3.0.2:
    resolution: {integrity: sha512-kmoj3hEynXwoHDo8ZhmWAIjRBoQWCDUVackiWfSDWdgD0rS3LGB61T9zoVbume/cotYdCoadUh4sqViAmXvpBQ==}
    peerDependencies:
      prettier: ^3
    peerDependenciesMeta:
      prettier:
        optional: true

  prettier-plugin-tailwindcss@0.7.2:
    resolution: {integrity: sha512-LkphyK3Fw+q2HdMOoiEHWf93fNtYJwfamoKPl7UwtjFQdei/iIBoX11G6j706FzN3ymX9mPVi97qIY8328vdnA==}
    engines: {node: '>=20.19'}
    peerDependencies:
      '@ianvs/prettier-plugin-sort-imports': '*'
      '@prettier/plugin-hermes': '*'
      '@prettier/plugin-oxc': '*'
      '@prettier/plugin-pug': '*'
      '@shopify/prettier-plugin-liquid': '*'
      '@trivago/prettier-plugin-sort-imports': '*'
      '@zackad/prettier-plugin-twig': '*'
      prettier: ^3.0
      prettier-plugin-astro: '*'
      prettier-plugin-css-order: '*'
      prettier-plugin-jsdoc: '*'
      prettier-plugin-marko: '*'
      prettier-plugin-multiline-arrays: '*'
      prettier-plugin-organize-attributes: '*'
      prettier-plugin-organize-imports: '*'
      prettier-plugin-sort-imports: '*'
      prettier-plugin-svelte: '*'
    peerDependenciesMeta:
      '@ianvs/prettier-plugin-sort-imports':
        optional: true
      '@prettier/plugin-hermes':
        optional: true
      '@prettier/plugin-oxc':
        optional: true
      '@prettier/plugin-pug':
        optional: true
      '@shopify/prettier-plugin-liquid':
        optional: true
      '@trivago/prettier-plugin-sort-imports':
        optional: true
      '@zackad/prettier-plugin-twig':
        optional: true
      prettier-plugin-astro:
        optional: true
      prettier-plugin-css-order:
        optional: true
      prettier-plugin-jsdoc:
        optional: true
      prettier-plugin-marko:
        optional: true
      prettier-plugin-multiline-arrays:
        optional: true
      prettier-plugin-organize-attributes:
        optional: true
      prettier-plugin-organize-imports:
        optional: true
      prettier-plugin-sort-imports:
        optional: true
      prettier-plugin-svelte:
        optional: true

  prettier@3.8.3:
    resolution: {integrity: sha512-7igPTM53cGHMW8xWuVTydi2KO233VFiTNyF5hLJqpilHfmn8C8gPf+PS7dUT64YcXFbiMGZxS9pCSxL/Dxm/Jw==}
    engines: {node: '>=14'}
    hasBin: true

  semver@7.7.4:
    resolution: {integrity: sha512-vFKC2IEtQnVhpT78h1Yp8wzwrf8CM+MzKMHGJZfBtzhZNycRFnXsHk6E5TxIkkMsgNS7mdX3AGB7x2QM2di4lA==}
    engines: {node: '>=10'}
    hasBin: true

  sort-object-keys@2.1.0:
    resolution: {integrity: sha512-SOiEnthkJKPv2L6ec6HMwhUcN0/lppkeYuN1x63PbyPRrgSPIuBJCiYxYyvWRTtjMlOi14vQUCGUJqS6PLVm8g==}

  sort-package-json@3.6.1:
    resolution: {integrity: sha512-Chgejw1+10p2D0U2tB7au1lHtz6TkFnxmvZktyBCRyV0GgmF6nl1IxXxAsPtJVsUyg/fo+BfCMAVVFUVRkAHrQ==}
    engines: {node: '>=20'}
    hasBin: true

  tinyglobby@0.2.15:
    resolution: {integrity: sha512-j2Zq4NyQYG5XMST4cbs02Ak8iJUdxRM0XI5QyxXuZOzKOINmWurp3smXu3y5wDcJrptwpSjgXHzIQxR0omXljQ==}
    engines: {node: '>=12.0.0'}

  tinypool@2.1.0:
    resolution: {integrity: sha512-Pugqs6M0m7Lv1I7FtxN4aoyToKg1C4tu+/381vH35y8oENM/Ai7f7C4StcoK4/+BSw9ebcS8jRiVrORFKCALLw==}
    engines: {node: ^20.0.0 || >=22.0.0}

  tslib@2.8.1:
    resolution: {integrity: sha512-oJFu94HQb+KVduSUQL7wnpmqnfmLsOA/nAh6b6EH0wCEoK0/mPeXU6c3wKDV83MkOuHPRHtSXKKU99IBazS/2w==}

snapshots:

  '@babel/code-frame@7.29.0':
    dependencies:
      '@babel/helper-validator-identifier': 7.28.5
      js-tokens: 4.0.0
      picocolors: 1.1.1

  '@babel/generator@7.29.1':
    dependencies:
      '@babel/parser': 7.29.0
      '@babel/types': 7.29.0
      '@jridgewell/gen-mapping': 0.3.13
      '@jridgewell/trace-mapping': 0.3.31
      jsesc: 3.1.0

  '@babel/helper-globals@7.28.0': {}

  '@babel/helper-string-parser@7.27.1': {}

  '@babel/helper-validator-identifier@7.28.5': {}

  '@babel/parser@7.29.0':
    dependencies:
      '@babel/types': 7.29.0

  '@babel/template@7.28.6':
    dependencies:
      '@babel/code-frame': 7.29.0
      '@babel/parser': 7.29.0
      '@babel/types': 7.29.0

  '@babel/traverse@7.29.0':
    dependencies:
      '@babel/code-frame': 7.29.0
      '@babel/generator': 7.29.1
      '@babel/helper-globals': 7.28.0
      '@babel/parser': 7.29.0
      '@babel/template': 7.28.6
      '@babel/types': 7.29.0
      debug: 4.4.3
    transitivePeerDependencies:
      - supports-color

  '@babel/types@7.29.0':
    dependencies:
      '@babel/helper-string-parser': 7.27.1
      '@babel/helper-validator-identifier': 7.28.5

  '@biomejs/biome@2.4.12':
    optionalDependencies:
      '@biomejs/cli-darwin-arm64': 2.4.12
      '@biomejs/cli-darwin-x64': 2.4.12
      '@biomejs/cli-linux-arm64': 2.4.12
      '@biomejs/cli-linux-arm64-musl': 2.4.12
      '@biomejs/cli-linux-x64': 2.4.12
      '@biomejs/cli-linux-x64-musl': 2.4.12
      '@biomejs/cli-win32-arm64': 2.4.12
      '@biomejs/cli-win32-x64': 2.4.12

  '@biomejs/cli-darwin-arm64@2.4.12':
    optional: true

  '@biomejs/cli-darwin-x64@2.4.12':
    optional: true

  '@biomejs/cli-linux-arm64-musl@2.4.12':
    optional: true

  '@biomejs/cli-linux-arm64@2.4.12':
    optional: true

  '@biomejs/cli-linux-x64-musl@2.4.12':
    optional: true

  '@biomejs/cli-linux-x64@2.4.12':
    optional: true

  '@biomejs/cli-win32-arm64@2.4.12':
    optional: true

  '@biomejs/cli-win32-x64@2.4.12':
    optional: true

  '@emnapi/core@1.9.2':
    dependencies:
      '@emnapi/wasi-threads': 1.2.1
      tslib: 2.8.1
    optional: true

  '@emnapi/runtime@1.9.2':
    dependencies:
      tslib: 2.8.1
    optional: true

  '@emnapi/wasi-threads@1.2.1':
    dependencies:
      tslib: 2.8.1
    optional: true

  '@ianvs/prettier-plugin-sort-imports@4.7.1(@prettier/plugin-oxc@0.1.4)(prettier@3.8.3)':
    dependencies:
      '@babel/generator': 7.29.1
      '@babel/parser': 7.29.0
      '@babel/traverse': 7.29.0
      '@babel/types': 7.29.0
      prettier: 3.8.3
      semver: 7.7.4
    optionalDependencies:
      '@prettier/plugin-oxc': 0.1.4
    transitivePeerDependencies:
      - supports-color

  '@jridgewell/gen-mapping@0.3.13':
    dependencies:
      '@jridgewell/sourcemap-codec': 1.5.5
      '@jridgewell/trace-mapping': 0.3.31

  '@jridgewell/resolve-uri@3.1.2': {}

  '@jridgewell/sourcemap-codec@1.5.5': {}

  '@jridgewell/trace-mapping@0.3.31':
    dependencies:
      '@jridgewell/resolve-uri': 3.1.2
      '@jridgewell/sourcemap-codec': 1.5.5

  '@napi-rs/wasm-runtime@1.1.4(@emnapi/core@1.9.2)(@emnapi/runtime@1.9.2)':
    dependencies:
      '@emnapi/core': 1.9.2
      '@emnapi/runtime': 1.9.2
      '@tybys/wasm-util': 0.10.1
    optional: true

  '@oxc-parser/binding-android-arm-eabi@0.125.0':
    optional: true

  '@oxc-parser/binding-android-arm64@0.125.0':
    optional: true

  '@oxc-parser/binding-darwin-arm64@0.125.0':
    optional: true

  '@oxc-parser/binding-darwin-x64@0.125.0':
    optional: true

  '@oxc-parser/binding-freebsd-x64@0.125.0':
    optional: true

  '@oxc-parser/binding-linux-arm-gnueabihf@0.125.0':
    optional: true

  '@oxc-parser/binding-linux-arm-musleabihf@0.125.0':
    optional: true

  '@oxc-parser/binding-linux-arm64-gnu@0.125.0':
    optional: true

  '@oxc-parser/binding-linux-arm64-musl@0.125.0':
    optional: true

  '@oxc-parser/binding-linux-ppc64-gnu@0.125.0':
    optional: true

  '@oxc-parser/binding-linux-riscv64-gnu@0.125.0':
    optional: true

  '@oxc-parser/binding-linux-riscv64-musl@0.125.0':
    optional: true

  '@oxc-parser/binding-linux-s390x-gnu@0.125.0':
    optional: true

  '@oxc-parser/binding-linux-x64-gnu@0.125.0':
    optional: true

  '@oxc-parser/binding-linux-x64-musl@0.125.0':
    optional: true

  '@oxc-parser/binding-openharmony-arm64@0.125.0':
    optional: true

  '@oxc-parser/binding-wasm32-wasi@0.125.0':
    dependencies:
      '@emnapi/core': 1.9.2
      '@emnapi/runtime': 1.9.2
      '@napi-rs/wasm-runtime': 1.1.4(@emnapi/core@1.9.2)(@emnapi/runtime@1.9.2)
    optional: true

  '@oxc-parser/binding-win32-arm64-msvc@0.125.0':
    optional: true

  '@oxc-parser/binding-win32-ia32-msvc@0.125.0':
    optional: true

  '@oxc-parser/binding-win32-x64-msvc@0.125.0':
    optional: true

  '@oxc-project/types@0.125.0': {}

  '@oxfmt/binding-android-arm-eabi@0.45.0':
    optional: true

  '@oxfmt/binding-android-arm64@0.45.0':
    optional: true

  '@oxfmt/binding-darwin-arm64@0.45.0':
    optional: true

  '@oxfmt/binding-darwin-x64@0.45.0':
    optional: true

  '@oxfmt/binding-freebsd-x64@0.45.0':
    optional: true

  '@oxfmt/binding-linux-arm-gnueabihf@0.45.0':
    optional: true

  '@oxfmt/binding-linux-arm-musleabihf@0.45.0':
    optional: true

  '@oxfmt/binding-linux-arm64-gnu@0.45.0':
    optional: true

  '@oxfmt/binding-linux-arm64-musl@0.45.0':
    optional: true

  '@oxfmt/binding-linux-ppc64-gnu@0.45.0':
    optional: true

  '@oxfmt/binding-linux-riscv64-gnu@0.45.0':
    optional: true

  '@oxfmt/binding-linux-riscv64-musl@0.45.0':
    optional: true

  '@oxfmt/binding-linux-s390x-gnu@0.45.0':
    optional: true

  '@oxfmt/binding-linux-x64-gnu@0.45.0':
    optional: true

  '@oxfmt/binding-linux-x64-musl@0.45.0':
    optional: true

  '@oxfmt/binding-openharmony-arm64@0.45.0':
    optional: true

  '@oxfmt/binding-win32-arm64-msvc@0.45.0':
    optional: true

  '@oxfmt/binding-win32-ia32-msvc@0.45.0':
    optional: true

  '@oxfmt/binding-win32-x64-msvc@0.45.0':
    optional: true

  '@prettier/plugin-oxc@0.1.4':
    dependencies:
      oxc-parser: 0.125.0

  '@tybys/wasm-util@0.10.1':
    dependencies:
      tslib: 2.8.1
    optional: true

  debug@4.4.3:
    dependencies:
      ms: 2.1.3

  detect-indent@7.0.2: {}

  detect-newline@4.0.1: {}

  fdir@6.5.0(picomatch@4.0.3):
    optionalDependencies:
      picomatch: 4.0.3

  git-hooks-list@4.2.1: {}

  is-plain-obj@4.1.0: {}

  js-tokens@4.0.0: {}

  jsesc@3.1.0: {}

  ms@2.1.3: {}

  oxc-parser@0.125.0:
    dependencies:
      '@oxc-project/types': 0.125.0
    optionalDependencies:
      '@oxc-parser/binding-android-arm-eabi': 0.125.0
      '@oxc-parser/binding-android-arm64': 0.125.0
      '@oxc-parser/binding-darwin-arm64': 0.125.0
      '@oxc-parser/binding-darwin-x64': 0.125.0
      '@oxc-parser/binding-freebsd-x64': 0.125.0
      '@oxc-parser/binding-linux-arm-gnueabihf': 0.125.0
      '@oxc-parser/binding-linux-arm-musleabihf': 0.125.0
      '@oxc-parser/binding-linux-arm64-gnu': 0.125.0
      '@oxc-parser/binding-linux-arm64-musl': 0.125.0
      '@oxc-parser/binding-linux-ppc64-gnu': 0.125.0
      '@oxc-parser/binding-linux-riscv64-gnu': 0.125.0
      '@oxc-parser/binding-linux-riscv64-musl': 0.125.0
      '@oxc-parser/binding-linux-s390x-gnu': 0.125.0
      '@oxc-parser/binding-linux-x64-gnu': 0.125.0
      '@oxc-parser/binding-linux-x64-musl': 0.125.0
      '@oxc-parser/binding-openharmony-arm64': 0.125.0
      '@oxc-parser/binding-wasm32-wasi': 0.125.0
      '@oxc-parser/binding-win32-arm64-msvc': 0.125.0
      '@oxc-parser/binding-win32-ia32-msvc': 0.125.0
      '@oxc-parser/binding-win32-x64-msvc': 0.125.0

  oxfmt@0.45.0:
    dependencies:
      tinypool: 2.1.0
    optionalDependencies:
      '@oxfmt/binding-android-arm-eabi': 0.45.0
      '@oxfmt/binding-android-arm64': 0.45.0
      '@oxfmt/binding-darwin-arm64': 0.45.0
      '@oxfmt/binding-darwin-x64': 0.45.0
      '@oxfmt/binding-freebsd-x64': 0.45.0
      '@oxfmt/binding-linux-arm-gnueabihf': 0.45.0
      '@oxfmt/binding-linux-arm-musleabihf': 0.45.0
      '@oxfmt/binding-linux-arm64-gnu': 0.45.0
      '@oxfmt/binding-linux-arm64-musl': 0.45.0
      '@oxfmt/binding-linux-ppc64-gnu': 0.45.0
      '@oxfmt/binding-linux-riscv64-gnu': 0.45.0
      '@oxfmt/binding-linux-riscv64-musl': 0.45.0
      '@oxfmt/binding-linux-s390x-gnu': 0.45.0
      '@oxfmt/binding-linux-x64-gnu': 0.45.0
      '@oxfmt/binding-linux-x64-musl': 0.45.0
      '@oxfmt/binding-openharmony-arm64': 0.45.0
      '@oxfmt/binding-win32-arm64-msvc': 0.45.0
      '@oxfmt/binding-win32-ia32-msvc': 0.45.0
      '@oxfmt/binding-win32-x64-msvc': 0.45.0

  picocolors@1.1.1: {}

  picomatch@4.0.3: {}

  prettier-plugin-packagejson@3.0.2(prettier@3.8.3):
    dependencies:
      sort-package-json: 3.6.1
    optionalDependencies:
      prettier: 3.8.3

  prettier-plugin-tailwindcss@0.7.2(@ianvs/prettier-plugin-sort-imports@4.7.1(@prettier/plugin-oxc@0.1.4)(prettier@3.8.3))(@prettier/plugin-oxc@0.1.4)(prettier@3.8.3):
    dependencies:
      prettier: 3.8.3
    optionalDependencies:
      '@ianvs/prettier-plugin-sort-imports': 4.7.1(@prettier/plugin-oxc@0.1.4)(prettier@3.8.3)
      '@prettier/plugin-oxc': 0.1.4

  prettier@3.8.3: {}

  semver@7.7.4: {}

  sort-object-keys@2.1.0: {}

  sort-package-json@3.6.1:
    dependencies:
      detect-indent: 7.0.2
      detect-newline: 4.0.1
      git-hooks-list: 4.2.1
      is-plain-obj: 4.1.0
      semver: 7.7.4
      sort-object-keys: 2.1.0
      tinyglobby: 0.2.15

  tinyglobby@0.2.15:
    dependencies:
      fdir: 6.5.0(picomatch@4.0.3)
      picomatch: 4.0.3

  tinypool@2.1.0: {}

  tslib@2.8.1:
    optional: true
